symfony 462f93ad12c0916b51dbcaaec5b46349b2c96826
twig v1.8.2
monolog 1.0.2
doctrine-common 2.1.4
doctrine-dbal 2.1.7
doctrine 2.1.7
swiftmailer v4.2.0
assetic v1.0.3
twig-extensions v1.0.0-alpha
metadata 1.0.0
SensioFrameworkExtraBundle v2.0.17
JMSSecurityExtraBundle e752f888c51425f71382c056961f10f2be642102
SensioDistributionBundle v2.0.17
SensioGeneratorBundle v2.0.17
AsseticBundle 6f15728c1aefa5246caa83730e3dbf70b0d46052
SonataCacheBundle 341ab9ac0315b38d8c600230c39d39c72aba26df
SonataBlockBundle 0d18510ac346343ee5a19c50b012da91bd812eef
KnpMenu v1.1.0
KnpMenuBundle v1.1.0
SonatajQueryBundle 785870afce016cc387fadb361ad52c3d4a2e7fe6
SonataAdminBundle 80fa6951e5ce00b69b23fe6b05a6f32276f8ccf7
SonataDoctrineORMAdminBundle c3c3df63e6947b83e6f8e450fb9aa5cafddf5405
Exporter bcdfd50bc3118173d914e790921701ab26fb6b14
EntityAudit 60a5bcb61a43fc4360ff5190cb4b5e63864fc3b7
TinymceBundle 39e2d52b6e345e2309e173b76a09f19dbee0c12e
